{
    "version": 3,
    "terraform_version": "0.11.13",
    "serial": 2,
    "lineage": "5d632401-2dcb-d722-e72b-bd6136cb4d47",
    "modules": [
        {
            "path": [
                "root"
            ],
            "outputs": {},
            "resources": {},
            "depends_on": []
        },
        {
            "path": [
                "root",
                "cluster-gke-beta-a"
            ],
            "outputs": {},
            "resources": {
                "google_container_cluster.cluster-gke-beta-a": {
                    "type": "google_container_cluster",
                    "depends_on": [],
                    "primary": {
                        "id": "my-first-gke-cluster-a",
                        "attributes": {
                            "additional_zones.#": "0",
                            "addons_config.#": "1",
                            "addons_config.0.horizontal_pod_autoscaling.#": "0",
                            "addons_config.0.http_load_balancing.#": "0",
                            "addons_config.0.kubernetes_dashboard.#": "1",
                            "addons_config.0.kubernetes_dashboard.0.disabled": "true",
                            "addons_config.0.network_policy_config.#": "1",
                            "addons_config.0.network_policy_config.0.disabled": "true",
                            "cluster_autoscaling.#": "0",
                            "cluster_ipv4_cidr": "10.40.0.0/14",
                            "default_max_pods_per_node": "110",
                            "description": "",
                            "enable_kubernetes_alpha": "false",
                            "enable_legacy_abac": "false",
                            "endpoint": "35.205.250.81",
                            "id": "my-first-gke-cluster-a",
                            "initial_node_count": "1",
                            "instance_group_urls.#": "1",
                            "instance_group_urls.0": "https://www.googleapis.com/compute/v1/projects/copper-tempo-256010/zones/europe-west1-b/instanceGroups/gke-my-first-gke-cluster-default-pool-56e81ba0-grp",
                            "ip_allocation_policy.#": "0",
                            "location": "europe-west1-b",
                            "logging_service": "logging.googleapis.com",
                            "maintenance_policy.#": "0",
                            "master_auth.#": "1",
                            "master_auth.0.client_certificate": "",
                            "master_auth.0.client_certificate_config.#": "1",
                            "master_auth.0.client_certificate_config.0.issue_client_certificate": "false",
                            "master_auth.0.client_key": "",
                            "master_auth.0.cluster_ca_certificate": "LS0tLS1CRUdJTiBDRVJUSUZJQ0FURS0tLS0tCk1JSURERENDQWZTZ0F3SUJBZ0lSQVBMMUFnZlBMZWxtZXQzck16b2tBTEl3RFFZSktvWklodmNOQVFFTEJRQXcKTHpFdE1Dc0dBMVVFQXhNa05XVTFORGc0WlRjdE0yVXhPUzAwTURnMExUaG1ZelF0WWpNek0ySTBOV1UwWm1NeQpNQjRYRFRFNU1UQXhOVEE1TWpreU5sb1hEVEkwTVRBeE16RXdNamt5Tmxvd0x6RXRNQ3NHQTFVRUF4TWtOV1UxCk5EZzRaVGN0TTJVeE9TMDBNRGcwTFRobVl6UXRZak16TTJJME5XVTBabU15TUlJQklqQU5CZ2txaGtpRzl3MEIKQVFFRkFBT0NBUThBTUlJQkNnS0NBUUVBbHYxaWlRSUp6NFlxUzYvL0JybUVXaktMa1MvSkhEb1pWQmtyN2QzSApyaVprWVIzeDYwaUEzK1JlbTlNUWVrS3owenB1dkFVdnNlMFFBM2lXVE9TTk93R2trM1h3dmV3UmIxc3UrTFZLCmJMODhuSllVSUlHTkRIbmU1V1hXVHA5VWZiQVlwdHJ5MUEwcVdWRHBUZVd0dkpLWGlhWTNRMFVXblM4SW0vQjAKWk40MU5UZ3pTZ3FWOWMwRjVNdWtnSTBvOVpqMjB0L0pCQWdsMHNqdXQyUG40TlJubHNpL2w2MEJYTmxyUkZHSApuZmJNaXVzaWN6Smx5R21HeUkyZ3EyUUlVWjlsRkxublBvQnM5YlJINzdSUk44RXUrd3VjdXBjZGp4eElkZGVICkJYWEY5NWY5RDlkNWpSV1RESGhRdmhXdHVXbVdCTlVYWlB6U2Y1R3hSOTlHa3dJREFRQUJveU13SVRBT0JnTlYKSFE4QkFmOEVCQU1DQWdRd0R3WURWUjBUQVFIL0JBVXdBd0VCL3pBTkJna3Foa2lHOXcwQkFRc0ZBQU9DQVFFQQpBMEdQNU9DU3g4MjFDSGp4TEc0ZnEvVUFhanJlSWV0L2NMSFNobW1kN2dRR1ZjcFdDdktTVmZpNGE4ZU03NDZFCml5N3JvdGF0TnpycUxTUzJsQitHYXNUcVkrT2FGNnNKK0NCR2N0NTNVc1lQTDhGWHBwazVEeWxLdjcxZFFkUlgKME16MUhPWnRMV1k3d2xJOE56c0JnMXVLNmlrUmZsczU0K08rQ1lBME9TSWFwaHhOREN6bXZjTC9UWlRWTTBzWApvQmdSb1VLeXRGd3VLbWZkN2xCNUNjb2l2cStUR01HVXcrVFdwZ212T0lwdmZlVFM4Yk5CR3ZmVFpsNVJDTnNiCjNjbjFFdC9hNTMyMXhiaXpIa1RMSWd4WURXdkhlcUhwVlBENFFOckFSOHlJU2xKYnpZUUdlVTJtei81bjZaQ2IKaDcza3N1UE5sNjl5MUNYdFduS2RMUT09Ci0tLS0tRU5EIENFUlRJRklDQVRFLS0tLS0K",
                            "master_auth.0.password": "",
                            "master_auth.0.username": "",
                            "master_authorized_networks_config.#": "0",
                            "master_version": "1.13.10-gke.0",
                            "monitoring_service": "monitoring.googleapis.com",
                            "name": "my-first-gke-cluster-a",
                            "network": "projects/copper-tempo-256010/global/networks/default",
                            "network_policy.#": "1",
                            "network_policy.0.enabled": "false",
                            "network_policy.0.provider": "PROVIDER_UNSPECIFIED",
                            "node_config.#": "1",
                            "node_config.0.disk_size_gb": "100",
                            "node_config.0.disk_type": "pd-standard",
                            "node_config.0.guest_accelerator.#": "0",
                            "node_config.0.image_type": "COS",
                            "node_config.0.labels.%": "0",
                            "node_config.0.local_ssd_count": "0",
                            "node_config.0.machine_type": "n1-standard-1",
                            "node_config.0.metadata.%": "1",
                            "node_config.0.metadata.disable-legacy-endpoints": "true",
                            "node_config.0.min_cpu_platform": "",
                            "node_config.0.oauth_scopes.#": "6",
                            "node_config.0.oauth_scopes.1277378754": "https://www.googleapis.com/auth/monitoring",
                            "node_config.0.oauth_scopes.1632638332": "https://www.googleapis.com/auth/devstorage.read_only",
                            "node_config.0.oauth_scopes.172152165": "https://www.googleapis.com/auth/logging.write",
                            "node_config.0.oauth_scopes.316356861": "https://www.googleapis.com/auth/service.management.readonly",
                            "node_config.0.oauth_scopes.3663490875": "https://www.googleapis.com/auth/servicecontrol",
                            "node_config.0.oauth_scopes.3859019814": "https://www.googleapis.com/auth/trace.append",
                            "node_config.0.preemptible": "false",
                            "node_config.0.sandbox_config.#": "0",
                            "node_config.0.service_account": "default",
                            "node_config.0.tags.#": "0",
                            "node_config.0.taint.#": "0",
                            "node_config.0.workload_metadata_config.#": "0",
                            "node_locations.#": "0",
                            "node_pool.#": "1",
                            "node_pool.0.autoscaling.#": "0",
                            "node_pool.0.initial_node_count": "1",
                            "node_pool.0.instance_group_urls.#": "1",
                            "node_pool.0.instance_group_urls.0": "https://www.googleapis.com/compute/v1/projects/copper-tempo-256010/zones/europe-west1-b/instanceGroupManagers/gke-my-first-gke-cluster-default-pool-56e81ba0-grp",
                            "node_pool.0.management.#": "1",
                            "node_pool.0.management.0.auto_repair": "false",
                            "node_pool.0.management.0.auto_upgrade": "false",
                            "node_pool.0.max_pods_per_node": "0",
                            "node_pool.0.name": "default-pool",
                            "node_pool.0.name_prefix": "",
                            "node_pool.0.node_config.#": "1",
                            "node_pool.0.node_config.0.disk_size_gb": "100",
                            "node_pool.0.node_config.0.disk_type": "pd-standard",
                            "node_pool.0.node_config.0.guest_accelerator.#": "0",
                            "node_pool.0.node_config.0.image_type": "COS",
                            "node_pool.0.node_config.0.labels.%": "0",
                            "node_pool.0.node_config.0.local_ssd_count": "0",
                            "node_pool.0.node_config.0.machine_type": "n1-standard-1",
                            "node_pool.0.node_config.0.metadata.%": "1",
                            "node_pool.0.node_config.0.metadata.disable-legacy-endpoints": "true",
                            "node_pool.0.node_config.0.min_cpu_platform": "",
                            "node_pool.0.node_config.0.oauth_scopes.#": "6",
                            "node_pool.0.node_config.0.oauth_scopes.1277378754": "https://www.googleapis.com/auth/monitoring",
                            "node_pool.0.node_config.0.oauth_scopes.1632638332": "https://www.googleapis.com/auth/devstorage.read_only",
                            "node_pool.0.node_config.0.oauth_scopes.172152165": "https://www.googleapis.com/auth/logging.write",
                            "node_pool.0.node_config.0.oauth_scopes.316356861": "https://www.googleapis.com/auth/service.management.readonly",
                            "node_pool.0.node_config.0.oauth_scopes.3663490875": "https://www.googleapis.com/auth/servicecontrol",
                            "node_pool.0.node_config.0.oauth_scopes.3859019814": "https://www.googleapis.com/auth/trace.append",
                            "node_pool.0.node_config.0.preemptible": "false",
                            "node_pool.0.node_config.0.sandbox_config.#": "0",
                            "node_pool.0.node_config.0.service_account": "default",
                            "node_pool.0.node_config.0.tags.#": "0",
                            "node_pool.0.node_config.0.taint.#": "0",
                            "node_pool.0.node_config.0.workload_metadata_config.#": "0",
                            "node_pool.0.node_count": "1",
                            "node_pool.0.version": "1.13.10-gke.0",
                            "node_version": "1.13.10-gke.0",
                            "private_cluster_config.#": "0",
                            "project": "copper-tempo-256010",
                            "resource_labels.%": "0",
                            "services_ipv4_cidr": "10.43.240.0/20",
                            "subnetwork": "projects/copper-tempo-256010/regions/europe-west1/subnetworks/default",
                            "zone": "europe-west1-b"
                        },
                        "meta": {
                            "e2bfb730-ecaa-11e6-8f88-34363bc7c4c0": {
                                "create": 1800000000000,
                                "delete": 1800000000000,
                                "update": 3600000000000
                            },
                            "schema_version": "1"
                        },
                        "tainted": false
                    },
                    "deposed": [],
                    "provider": "provider.google"
                }
            },
            "depends_on": []
        },
        {
            "path": [
                "root",
                "instance"
            ],
            "outputs": {},
            "resources": {
                "google_sql_database_instance.instance": {
                    "type": "google_sql_database_instance",
                    "depends_on": [],
                    "primary": {
                        "id": "tf-spundan-mysql-demo-2",
                        "attributes": {
                            "connection_name": "copper-tempo-256010:asia-southeast1:tf-spundan-mysql-demo-2",
                            "database_version": "MYSQL_5_6",
                            "first_ip_address": "35.198.205.58",
                            "id": "tf-spundan-mysql-demo-2",
                            "ip_address.#": "1",
                            "ip_address.0.ip_address": "35.198.205.58",
                            "ip_address.0.time_to_retire": "",
                            "ip_address.0.type": "PRIMARY",
                            "master_instance_name": "",
                            "name": "tf-spundan-mysql-demo-2",
                            "private_ip_address": "",
                            "project": "copper-tempo-256010",
                            "public_ip_address": "35.198.205.58",
                            "region": "asia-southeast1",
                            "replica_configuration.#": "0",
                            "self_link": "https://www.googleapis.com/sql/v1beta4/projects/copper-tempo-256010/instances/tf-spundan-mysql-demo-2",
                            "server_ca_cert.#": "1",
                            "server_ca_cert.0.cert": "-----BEGIN CERTIFICATE-----\nMIIDfzCCAmegAwIBAgIBADANBgkqhkiG9w0BAQsFADB3MS0wKwYDVQQuEyRlYWRj\nNDI5Yi02YTQwLTRkOGYtOWExNC00NGZmZTVmODE0MzcxIzAhBgNVBAMTGkdvb2ds\nZSBDbG91ZCBTUUwgU2VydmVyIENBMRQwEgYDVQQKEwtHb29nbGUsIEluYzELMAkG\nA1UEBhMCVVMwHhcNMTkxMDE1MTAyOTUxWhcNMjkxMDEyMTAzMDUxWjB3MS0wKwYD\nVQQuEyRlYWRjNDI5Yi02YTQwLTRkOGYtOWExNC00NGZmZTVmODE0MzcxIzAhBgNV\nBAMTGkdvb2dsZSBDbG91ZCBTUUwgU2VydmVyIENBMRQwEgYDVQQKEwtHb29nbGUs\nIEluYzELMAkGA1UEBhMCVVMwggEiMA0GCSqGSIb3DQEBAQUAA4IBDwAwggEKAoIB\nAQCVc5cI50ot0kdwY1oEDtNfQ4pqCqWailp5+q9zQu7vTuv1siCUQHYv37VbYOm7\nQWD9AioWPDn6tn+m1RLcaq1RzhRm3Hq6Oq9+6Nsaxr70T9/0wNhCmgN7qzulE8Gu\nBAOyVy5sZ+itGi3hbUQbLaZNfHPsWnCg4yBR8rLx/Wnca5FAfmgD0J1Fk1BduTx6\nCuNTK/kk8nKQgvzs3NxuM3sRHKc7Z2jR21V7SmqYdZczEmgJBvhqlwOQoJ5d2vQx\nKB48cbXbE3kFb84lbwlU5QEIv/4QYuxFah+FpnA+GSWoXuQcPaxEsImwWdFkoh0Y\nEGdeaeDt0s338PYr1vemKm5LAgMBAAGjFjAUMBIGA1UdEwEB/wQIMAYBAf8CAQAw\nDQYJKoZIhvcNAQELBQADggEBAHxi2okNJ038sSny79oKFeiZyGkbAalggZvMn54e\nGZR8FDjwfaiTehxzT6IborPh7fz+7BRzPaPZCOBLVmOSdc1enUN802R1vVCiElP8\nKeyXyUwAT4h5Fsnl8KSuRVLtDUPI1elqfDe2I/Y1IiEmtsyjoqIppUNTqLuMvi2p\nL0bND2mVeJdAd+uk68q0fpUvNaWrwPNs7813NE1YSvXy5pnFKII6/rlQrNBt+YdM\nH98J3OcnxgNTERXQY7VlHUjJjsbsnYfvolePU7MG1zWyJ1cCNSWwaDwpcqnj8Ohg\nhdspZTBgUPUJOBSw8LrXqE74L1mPk4UG2KbuvOa0mRu0Lls=\n-----END CERTIFICATE-----",
                            "server_ca_cert.0.common_name": "C=US,O=Google\\, Inc,CN=Google Cloud SQL Server CA,dnQualifier=eadc429b-6a40-4d8f-9a14-44ffe5f81437",
                            "server_ca_cert.0.create_time": "2019-10-15T10:29:51.352Z",
                            "server_ca_cert.0.expiration_time": "2029-10-12T10:30:51.352Z",
                            "server_ca_cert.0.sha1_fingerprint": "4859e22c45a199b44d7758242057ea7be14d7d47",
                            "service_account_email_address": "p963359461008-vwonq2@gcp-sa-cloud-sql.iam.gserviceaccount.com",
                            "settings.#": "1",
                            "settings.0.activation_policy": "ALWAYS",
                            "settings.0.authorized_gae_applications.#": "0",
                            "settings.0.availability_type": "",
                            "settings.0.backup_configuration.#": "1",
                            "settings.0.backup_configuration.0.binary_log_enabled": "false",
                            "settings.0.backup_configuration.0.enabled": "false",
                            "settings.0.backup_configuration.0.start_time": "08:00",
                            "settings.0.crash_safe_replication": "false",
                            "settings.0.database_flags.#": "0",
                            "settings.0.disk_autoresize": "true",
                            "settings.0.disk_size": "10",
                            "settings.0.disk_type": "PD_SSD",
                            "settings.0.ip_configuration.#": "1",
                            "settings.0.ip_configuration.0.authorized_networks.#": "0",
                            "settings.0.ip_configuration.0.ipv4_enabled": "true",
                            "settings.0.ip_configuration.0.private_network": "",
                            "settings.0.ip_configuration.0.require_ssl": "false",
                            "settings.0.location_preference.#": "1",
                            "settings.0.location_preference.0.follow_gae_application": "",
                            "settings.0.location_preference.0.zone": "asia-southeast1-a",
                            "settings.0.maintenance_window.#": "0",
                            "settings.0.pricing_plan": "PER_USE",
                            "settings.0.replication_type": "SYNCHRONOUS",
                            "settings.0.tier": "db-f1-micro",
                            "settings.0.user_labels.%": "0",
                            "settings.0.version": "1"
                        },
                        "meta": {
                            "e2bfb730-ecaa-11e6-8f88-34363bc7c4c0": {
                                "create": 1200000000000,
                                "delete": 1200000000000,
                                "update": 1200000000000
                            }
                        },
                        "tainted": false
                    },
                    "deposed": [],
                    "provider": "provider.google"
                }
            },
            "depends_on": []
        }
    ]
}
